
Microsoft Visual Studio Solution File, Format Version 12.00
# Visual Studio Version 16
VisualStudioVersion = 16.0.29025.244
MinimumVisualStudioVersion = 10.0.40219.1
Project("{FAE04EC0-301F-11D3-BF4B-00C04F79EFBC}") = "SaBOTender", "SaBOTender.csproj", "{596A441C-6664-445F-BB5F-ABFDFA2FC9FC}"
EndProject
Project("{FAE04EC0-301F-11D3-BF4B-00C04F79EFBC}") = "FFXIVPackets", "..\FFXIVPackets\FFXIVPackets.csproj", "{058A56FC-1864-4A64-90E5-CF84D0A31CC8}"
EndProject
Project("{FAE04EC0-301F-11D3-BF4B-00C04F79EFBC}") = "FFXIVCommon", "..\FFXIVCommon\FFXIVCommon.csproj", "{C883A5D1-6BCF-4BE0-8184-36FBEA9B5BE8}"
EndProject
Project("{FAE04EC0-301F-11D3-BF4B-00C04F79EFBC}") = "FFXIVNetwork", "..\FFXIVNetwork\FFXIVNetwork.csproj", "{66985D96-DCAD-4786-9AF5-B28C78ADD51B}"
EndProject
Project("{FAE04EC0-301F-11D3-BF4B-00C04F79EFBC}") = "FFXIVSniffer", "..\FFXIVSniffer\FFXIVSniffer.csproj", "{EE3AB452-BFB3-4ED3-A19F-8A7380F5D6C1}"
EndProject
Project("{FAE04EC0-301F-11D3-BF4B-00C04F79EFBC}") = "FFXIVData", "..\FFXIVData\FFXIVData.csproj", "{3E337A4C-9F79-4750-8C1D-FD37F410BDFB}"
EndProject
Project("{FAE04EC0-301F-11D3-BF4B-00C04F79EFBC}") = "FFXIVGameState", "..\FFXIVGameState\FFXIVGameState.csproj", "{70C76370-5A78-485B-AF9D-DC314DCCC010}"
EndProject
Global
	GlobalSection(SolutionConfigurationPlatforms) = preSolution
		Debug|Any CPU = Debug|Any CPU
		Release|Any CPU = Release|Any CPU
	EndGlobalSection
	GlobalSection(ProjectConfigurationPlatforms) = postSolution
		{596A441C-6664-445F-BB5F-ABFDFA2FC9FC}.Debug|Any CPU.ActiveCfg = Debug|Any CPU
		{596A441C-6664-445F-BB5F-ABFDFA2FC9FC}.Debug|Any CPU.Build.0 = Debug|Any CPU
		{596A441C-6664-445F-BB5F-ABFDFA2FC9FC}.Release|Any CPU.ActiveCfg = Release|Any CPU
		{596A441C-6664-445F-BB5F-ABFDFA2FC9FC}.Release|Any CPU.Build.0 = Release|Any CPU
		{058A56FC-1864-4A64-90E5-CF84D0A31CC8}.Debug|Any CPU.ActiveCfg = Debug|Any CPU
		{058A56FC-1864-4A64-90E5-CF84D0A31CC8}.Debug|Any CPU.Build.0 = Debug|Any CPU
		{058A56FC-1864-4A64-90E5-CF84D0A31CC8}.Release|Any CPU.ActiveCfg = Release|Any CPU
		{058A56FC-1864-4A64-90E5-CF84D0A31CC8}.Release|Any CPU.Build.0 = Release|Any CPU
		{C883A5D1-6BCF-4BE0-8184-36FBEA9B5BE8}.Debug|Any CPU.ActiveCfg = Debug|Any CPU
		{C883A5D1-6BCF-4BE0-8184-36FBEA9B5BE8}.Debug|Any CPU.Build.0 = Debug|Any CPU
		{C883A5D1-6BCF-4BE0-8184-36FBEA9B5BE8}.Release|Any CPU.ActiveCfg = Release|Any CPU
		{C883A5D1-6BCF-4BE0-8184-36FBEA9B5BE8}.Release|Any CPU.Build.0 = Release|Any CPU
		{66985D96-DCAD-4786-9AF5-B28C78ADD51B}.Debug|Any CPU.ActiveCfg = Debug|Any CPU
		{66985D96-DCAD-4786-9AF5-B28C78ADD51B}.Debug|Any CPU.Build.0 = Debug|Any CPU
		{66985D96-DCAD-4786-9AF5-B28C78ADD51B}.Release|Any CPU.ActiveCfg = Release|Any CPU
		{66985D96-DCAD-4786-9AF5-B28C78ADD51B}.Release|Any CPU.Build.0 = Release|Any CPU
		{EE3AB452-BFB3-4ED3-A19F-8A7380F5D6C1}.Debug|Any CPU.ActiveCfg = Debug|Any CPU
		{EE3AB452-BFB3-4ED3-A19F-8A7380F5D6C1}.Debug|Any CPU.Build.0 = Debug|Any CPU
		{EE3AB452-BFB3-4ED3-A19F-8A7380F5D6C1}.Release|Any CPU.ActiveCfg = Release|Any CPU
		{EE3AB452-BFB3-4ED3-A19F-8A7380F5D6C1}.Release|Any CPU.Build.0 = Release|Any CPU
		{3E337A4C-9F79-4750-8C1D-FD37F410BDFB}.Debug|Any CPU.ActiveCfg = Debug|Any CPU
		{3E337A4C-9F79-4750-8C1D-FD37F410BDFB}.Debug|Any CPU.Build.0 = Debug|Any CPU
		{3E337A4C-9F79-4750-8C1D-FD37F410BDFB}.Release|Any CPU.ActiveCfg = Release|Any CPU
		{3E337A4C-9F79-4750-8C1D-FD37F410BDFB}.Release|Any CPU.Build.0 = Release|Any CPU
		{70C76370-5A78-485B-AF9D-DC314DCCC010}.Debug|Any CPU.ActiveCfg = Debug|Any CPU
		{70C76370-5A78-485B-AF9D-DC314DCCC010}.Debug|Any CPU.Build.0 = Debug|Any CPU
		{70C76370-5A78-485B-AF9D-DC314DCCC010}.Release|Any CPU.ActiveCfg = Release|Any CPU
		{70C76370-5A78-485B-AF9D-DC314DCCC010}.Release|Any CPU.Build.0 = Release|Any CPU
	EndGlobalSection
	GlobalSection(SolutionProperties) = preSolution
		HideSolutionNode = FALSE
	EndGlobalSection
	GlobalSection(ExtensibilityGlobals) = postSolution
		SolutionGuid = {6704A047-037C-4E24-A27D-6FDF9B82450E}
	EndGlobalSection
EndGlobal
